
Microsoft Visual Studio Solution File, Format Version 12.00
# Visual Studio Version 16
VisualStudioVersion = 16.0.30114.105
MinimumVisualStudioVersion = 10.0.40219.1
Project("{FAE04EC0-301F-11D3-BF4B-00C04F79EFBC}") = "MapMvp1", "MapMvp1\MapMvp1.csproj", "{252C61F6-C9BC-45C2-9637-96B3CB11352A}"
EndProject
Global
	GlobalSection(SolutionConfigurationPlatforms) = preSolution
		Debug|Any CPU = Debug|Any CPU
		Release|Any CPU = Release|Any CPU
	EndGlobalSection
	GlobalSection(ProjectConfigurationPlatforms) = postSolution
		{252C61F6-C9BC-45C2-9637-96B3CB11352A}.Debug|Any CPU.ActiveCfg = Debug|Any CPU
		{252C61F6-C9BC-45C2-9637-96B3CB11352A}.Debug|Any CPU.Build.0 = Debug|Any CPU
		{252C61F6-C9BC-45C2-9637-96B3CB11352A}.Release|Any CPU.ActiveCfg = Release|Any CPU
		{252C61F6-C9BC-45C2-9637-96B3CB11352A}.Release|Any CPU.Build.0 = Release|Any CPU
	EndGlobalSection
	GlobalSection(SolutionProperties) = preSolution
		HideSolutionNode = FALSE
	EndGlobalSection
	GlobalSection(ExtensibilityGlobals) = postSolution
		SolutionGuid = {1ED5D264-82E8-4158-BABD-A3F5620D98CB}
	EndGlobalSection
EndGlobal
